github.com/alpinejs/alpine v2.0.0+incompatible/go.mod h1:BKI81egATMnaKqFeX5HEfYMnjZjcjcZmrYAu5Nck+EY=
github.com/alpinejs/alpine v2.3.3+incompatible h1:bHL8a6MwKpT1p/lLJn/gwCpKI/b5yHizp0+EeofUOIU=
github.com/alpinejs/alpine v2.3.3+incompatible/go.mod h1:BKI81egATMnaKqFeX5HEfYMnjZjcjcZmrYAu5Nck+EY=
github.com/bep/hugo-jslibs/alpinejs v0.4.0 h1:8TJwyZgvbi4gUIB+AOWC6SZL4o7GBVp9osU6Cv2Zby8=
github.com/bep/hugo-jslibs/alpinejs v0.4.0/go.mod h1:mC7TWTMQumrHkG/Zyi9/1AQJIvCWqAT04Sp/+4+Ac6Q=
github.com/bep/hugo-jslibs/turbolinks v0.1.0 h1:GC8uyvyKGyQVfUgRGno7GiWU+4dGrcP3/snQv//5FEk=
github.com/bep/hugo-jslibs/turbolinks v0.1.0/go.mod h1:CQHa51PjmF5gavvhS3JKSE9ywo8h7QgOj3D88ry6qu0=
github.com/gohugoio/hugo-mod-bootstrap-scss-v4 v0.0.0-20200224171633-fc89315b7997 h1:VrqiQXYe+8MNkxgWadlEtNjFUCimEeQPxKGUTtCslaM=
github.com/gohugoio/hugo-mod-bootstrap-scss-v4 v0.0.0-20200224171633-fc89315b7997/go.mod h1:VNdubcK3DsWfBxVhUKKsBo8ushXwN5zSmlV7oxnBO5s=
github.com/gohugoio/hugo-mod-heroicons v0.0.0-20200224175223-0413a8ce1f00 h1:ZOZ2wOEKaz6gXSM8tCeYz2sRWylLd7+Ayq5tQScKIvY=
github.com/gohugoio/hugo-mod-heroicons v0.0.0-20200224175223-0413a8ce1f00/go.mod h1:RyAK5HzEQqnoh1F4hxfQobR+a/LqGoKA/M/GhAqKDS4=
github.com/refactoringui/heroicons v0.0.0-20200224150050-2abb8143c5cf h1:g/97ueGWB/otcVx2VgnvIY5U6NbV2/hSyJn8dWN2c38=
github.com/refactoringui/heroicons v0.0.0-20200224150050-2abb8143c5cf/go.mod h1:82HsLWQga7MkEl5aK8TctxPPIBlXrsyWcVTB57uipuk=
github.com/turbolinks/turbolinks-source-gem v5.2.0+incompatible/go.mod h1:Cl0Br9tUXkQvxumVNGTvyaa7dqpFC2kPMrsS0Ttc94U=
github.com/twbs/bootstrap v4.4.1+incompatible h1:AueNOcQyhFaWJDynY+tJaK1QR+9Dx2CpqW+EoTBUznk=
github.com/twbs/bootstrap v4.4.1+incompatible/go.mod h1:fZTSrkpSf0/HkL0IIJzvVspTt1r9zuf7XlZau8kpcY0=
